
Microsoft Visual Studio Solution File, Format Version 12.00
# Visual Studio Version 17
VisualStudioVersion = 17.11.35222.181
MinimumVisualStudioVersion = 10.0.40219.1
Project("{9A19103F-16F7-4668-BE54-9A1E7A4F7556}") = "Azmon.Server", "Azmon.Server\Azmon.Server.csproj", "{55838C0C-D842-41F3-A8C8-48BC17FC821B}"
EndProject
Project("{9A19103F-16F7-4668-BE54-9A1E7A4F7556}") = "Azmon.Core", "Azmone.Core\Azmon.Core.csproj", "{5BCBAEDC-3ED8-4D99-A69B-775E09462DF7}"
EndProject
Project("{9A19103F-16F7-4668-BE54-9A1E7A4F7556}") = "Azmon.Client", "Azmon.Client\Azmon.Client.csproj", "{7CB49805-4591-4B63-9FEC-FDA9A4EA7521}"
EndProject
Global
	GlobalSection(SolutionConfigurationPlatforms) = preSolution
		Debug|Any CPU = Debug|Any CPU
		Release|Any CPU = Release|Any CPU
	EndGlobalSection
	GlobalSection(ProjectConfigurationPlatforms) = postSolution
		{55838C0C-D842-41F3-A8C8-48BC17FC821B}.Debug|Any CPU.ActiveCfg = Debug|Any CPU
		{55838C0C-D842-41F3-A8C8-48BC17FC821B}.Debug|Any CPU.Build.0 = Debug|Any CPU
		{55838C0C-D842-41F3-A8C8-48BC17FC821B}.Release|Any CPU.ActiveCfg = Release|Any CPU
		{55838C0C-D842-41F3-A8C8-48BC17FC821B}.Release|Any CPU.Build.0 = Release|Any CPU
		{5BCBAEDC-3ED8-4D99-A69B-775E09462DF7}.Debug|Any CPU.ActiveCfg = Debug|Any CPU
		{5BCBAEDC-3ED8-4D99-A69B-775E09462DF7}.Debug|Any CPU.Build.0 = Debug|Any CPU
		{5BCBAEDC-3ED8-4D99-A69B-775E09462DF7}.Release|Any CPU.ActiveCfg = Release|Any CPU
		{5BCBAEDC-3ED8-4D99-A69B-775E09462DF7}.Release|Any CPU.Build.0 = Release|Any CPU
		{7CB49805-4591-4B63-9FEC-FDA9A4EA7521}.Debug|Any CPU.ActiveCfg = Debug|Any CPU
		{7CB49805-4591-4B63-9FEC-FDA9A4EA7521}.Debug|Any CPU.Build.0 = Debug|Any CPU
		{7CB49805-4591-4B63-9FEC-FDA9A4EA7521}.Release|Any CPU.ActiveCfg = Release|Any CPU
		{7CB49805-4591-4B63-9FEC-FDA9A4EA7521}.Release|Any CPU.Build.0 = Release|Any CPU
	EndGlobalSection
	GlobalSection(SolutionProperties) = preSolution
		HideSolutionNode = FALSE
	EndGlobalSection
	GlobalSection(ExtensibilityGlobals) = postSolution
		SolutionGuid = {F0442237-32CB-4EC7-BD9C-24D2AD29995B}
	EndGlobalSection
EndGlobal
